{
  "name": "which-engine",
  "version": "1.0.0",
  "lockfileVersion": 3,
  "requires": true,
  "packages": {
    "": {
      "name": "which-engine",
      "version": "1.0.0",
      "license": "ISC",
      "dependencies": {
        "which-engine": "file:../../dist/packages/which-engine"
      }
    },
    "../../dist/packages/which-engine": {
      "version": "0.0.9",
      "license": "MIT",
      "bin": {
        "which-engine": "bin/which-engine",
        "which-pm": "bin/which-pm"
      },
      "devDependencies": {
        "@swc/cli": "^0.4.1-nightly.20240914"
      }
    },
    "node_modules/which-engine": {
      "resolved": "../../dist/packages/which-engine",
      "link": true
    }
  }
}
